// !$*UTF8*$!
{
	archiveVersion = 1;
	classes = {
	};
	objectVersion = 77;
	objects = {

/* Begin PBXBuildFile section */
		102990179F0C5413FCD7C6E9 /* AdManager.swift in Sources */ = {isa = PBXBuildFile; fileRef = 6FDC8BF902A40F9240E1BFEC /* AdManager.swift */; };
		2B386D63EAE1AFADD674DCCD /* GameScene.swift in Sources */ = {isa = PBXBuildFile; fileRef = D0A7427CA8459FB9C9797441 /* GameScene.swift */; };
		39C5AFBA25AC420B77063EC2 /* AdConfig.swift in Sources */ = {isa = PBXBuildFile; fileRef = 0DDD4D13D1F5D99E9258C5DF /* AdConfig.swift */; };
		40A044E91423B67CAB6C13C5 /* SpriteKit.framework in Frameworks */ = {isa = PBXBuildFile; fileRef = FD1F647FE032CBB1F685EE0B /* SpriteKit.framework */; };
		4D868728E7F29E7408645215 /* GameCenterManager.swift in Sources */ = {isa = PBXBuildFile; fileRef = 7D9C8B658FF84201E1654309 /* GameCenterManager.swift */; };
		7631106A97B790B5A08CE649 /* GameModel.swift in Sources */ = {isa = PBXBuildFile; fileRef = EC35D6520CA4B09BE25AD611 /* GameModel.swift */; };
		7A0CFF9A02619BAFD3AF303D /* GoogleMobileAds in Frameworks */ = {isa = PBXBuildFile; productRef = 7E21C07188F5C3A78129D46D /* GoogleMobileAds */; };
		7AD24D255ADC8BF94DCF7A2F /* SettingsManager.swift in Sources */ = {isa = PBXBuildFile; fileRef = A87FA6E92C6A4EEFEE880113 /* SettingsManager.swift */; };
		7BBBFCDDA429EEC91EF0E5B1 /* ContentView.swift in Sources */ = {isa = PBXBuildFile; fileRef = C0C9BC0A56FFAEA7761D6A1E /* ContentView.swift */; };
		845D33C53FB4782EB08F656D /* PrivacyInfo.xcprivacy in Resources */ = {isa = PBXBuildFile; fileRef = 536D089D3A8870BCCDE97B9A /* PrivacyInfo.xcprivacy */; };
		CC11223344556677AABBCCDD /* Assets.xcassets in Resources */ = {isa = PBXBuildFile; fileRef = CC99887766554433AABBCCDD /* Assets.xcassets */; };
		86623E8749700759BAE9688F /* SoundManager.swift in Sources */ = {isa = PBXBuildFile; fileRef = DC037EEE469917B7638FF9E8 /* SoundManager.swift */; };
		880857BFDBCD6DD9DE22FB12 /* FrequencyCapTests.swift in Sources */ = {isa = PBXBuildFile; fileRef = 127F8EB47489AF14C9396848 /* FrequencyCapTests.swift */; };
		8EEE7E7713CA0EE1E3FF861F /* StoreManager.swift in Sources */ = {isa = PBXBuildFile; fileRef = A0EED81A96D66CEDB59DFA3F /* StoreManager.swift */; };
		9E2DCC4DC7D3BC0381E2DBB6 /* FrequencyCap.swift in Sources */ = {isa = PBXBuildFile; fileRef = BA5245DB526C09DE90BC0A25 /* FrequencyCap.swift */; };
		9F9BA8F8CE01D54F420A226F /* BannerAdView.swift in Sources */ = {isa = PBXBuildFile; fileRef = E41591D2A286159478081B71 /* BannerAdView.swift */; };
		B7E886C15C6757923CC20EC3 /* StoreKit.framework in Frameworks */ = {isa = PBXBuildFile; fileRef = 5562D0FC5E553A5AF560680F /* StoreKit.framework */; };
		CDFD05823E834C2082496F0B /* Tuning.swift in Sources */ = {isa = PBXBuildFile; fileRef = 45A5F2FA5A1F2CB8D1036C6B /* Tuning.swift */; };
		D5366AEA2FF3BADFA8A30BE0 /* GameKit.framework in Frameworks */ = {isa = PBXBuildFile; fileRef = 75A6EEAA1A896FC5A540F2E9 /* GameKit.framework */; };
		F72350187249301C96A92ED0 /* GravityFlipApp.swift in Sources */ = {isa = PBXBuildFile; fileRef = E64AAC89BAB8DDD1F633A47A /* GravityFlipApp.swift */; };
		FF72080E184058D193D28CDC /* AppTrackingTransparency.framework in Frameworks */ = {isa = PBXBuildFile; fileRef = EECBF4367FD3A1CE1F7902C4 /* AppTrackingTransparency.framework */; };
/* End PBXBuildFile section */

/* Begin PBXContainerItemProxy section */
		F50FE3B9D1699EBABBD70EA8 /* PBXContainerItemProxy */ = {
			isa = PBXContainerItemProxy;
			containerPortal = D93F878CE772F0EC282A5F7E /* Project object */;
			proxyType = 1;
			remoteGlobalIDString = 7BDF715CB198C04998880EAE;
			remoteInfo = GravityFlip;
		};
/* End PBXContainerItemProxy section */

/* Begin PBXFileReference section */
		0DDD4D13D1F5D99E9258C5DF /* AdConfig.swift */ = {isa = PBXFileReference; lastKnownFileType = sourcecode.swift; path = AdConfig.swift; sourceTree = "<group>"; };
		127F8EB47489AF14C9396848 /* FrequencyCapTests.swift */ = {isa = PBXFileReference; lastKnownFileType = sourcecode.swift; path = FrequencyCapTests.swift; sourceTree = "<group>"; };
		1D9AC22C3006395F00B0676A /* GravityFlip.entitlements */ = {isa = PBXFileReference; lastKnownFileType = text.plist.entitlements; path = GravityFlip.entitlements; sourceTree = "<group>"; };
		45A5F2FA5A1F2CB8D1036C6B /* Tuning.swift */ = {isa = PBXFileReference; lastKnownFileType = sourcecode.swift; path = Tuning.swift; sourceTree = "<group>"; };
		536D089D3A8870BCCDE97B9A /* PrivacyInfo.xcprivacy */ = {isa = PBXFileReference; lastKnownFileType = text.xml; path = PrivacyInfo.xcprivacy; sourceTree = "<group>"; };
		CC99887766554433AABBCCDD /* Assets.xcassets */ = {isa = PBXFileReference; lastKnownFileType = folder.assetcatalog; path = Assets.xcassets; sourceTree = "<group>"; };
		5562D0FC5E553A5AF560680F /* StoreKit.framework */ = {isa = PBXFileReference; lastKnownFileType = wrapper.framework; name = StoreKit.framework; path = System/Library/Frameworks/StoreKit.framework; sourceTree = SDKROOT; };
		6FDC8BF902A40F9240E1BFEC /* AdManager.swift */ = {isa = PBXFileReference; lastKnownFileType = sourcecode.swift; path = AdManager.swift; sourceTree = "<group>"; };
		75A6EEAA1A896FC5A540F2E9 /* GameKit.framework */ = {isa = PBXFileReference; lastKnownFileType = wrapper.framework; name = GameKit.framework; path = System/Library/Frameworks/GameKit.framework; sourceTree = SDKROOT; };
		7D9C8B658FF84201E1654309 /* GameCenterManager.swift */ = {isa = PBXFileReference; lastKnownFileType = sourcecode.swift; path = GameCenterManager.swift; sourceTree = "<group>"; };
		97807D05391B885F4DC537A0 /* GravityFlipTests.xctest */ = {isa = PBXFileReference; includeInIndex = 0; lastKnownFileType = wrapper.cfbundle; path = GravityFlipTests.xctest; sourceTree = BUILT_PRODUCTS_DIR; };
		A0EED81A96D66CEDB59DFA3F /* StoreManager.swift */ = {isa = PBXFileReference; lastKnownFileType = sourcecode.swift; path = StoreManager.swift; sourceTree = "<group>"; };
		A87FA6E92C6A4EEFEE880113 /* SettingsManager.swift */ = {isa = PBXFileReference; lastKnownFileType = sourcecode.swift; path = SettingsManager.swift; sourceTree = "<group>"; };
		BA5245DB526C09DE90BC0A25 /* FrequencyCap.swift */ = {isa = PBXFileReference; lastKnownFileType = sourcecode.swift; path = FrequencyCap.swift; sourceTree = "<group>"; };
		C0C9BC0A56FFAEA7761D6A1E /* ContentView.swift */ = {isa = PBXFileReference; lastKnownFileType = sourcecode.swift; path = ContentView.swift; sourceTree = "<group>"; };
		D0A7427CA8459FB9C9797441 /* GameScene.swift */ = {isa = PBXFileReference; lastKnownFileType = sourcecode.swift; path = GameScene.swift; sourceTree = "<group>"; };
		DC037EEE469917B7638FF9E8 /* SoundManager.swift */ = {isa = PBXFileReference; lastKnownFileType = sourcecode.swift; path = SoundManager.swift; sourceTree = "<group>"; };
		E41591D2A286159478081B71 /* BannerAdView.swift */ = {isa = PBXFileReference; lastKnownFileType = sourcecode.swift; path = BannerAdView.swift; sourceTree = "<group>"; };
		E64AAC89BAB8DDD1F633A47A /* GravityFlipApp.swift */ = {isa = PBXFileReference; lastKnownFileType = sourcecode.swift; path = GravityFlipApp.swift; sourceTree = "<group>"; };
		EC35D6520CA4B09BE25AD611 /* GameModel.swift */ = {isa = PBXFileReference; lastKnownFileType = sourcecode.swift; path = GameModel.swift; sourceTree = "<group>"; };
		EECBF4367FD3A1CE1F7902C4 /* AppTrackingTransparency.framework */ = {isa = PBXFileReference; lastKnownFileType = wrapper.framework; name = AppTrackingTransparency.framework; path = System/Library/Frameworks/AppTrackingTransparency.framework; sourceTree = SDKROOT; };
		F653ED4E13CB1697A9DC4B2F /* GravityFlip.app */ = {isa = PBXFileReference; explicitFileType = wrapper.application; includeInIndex = 0; path = GravityFlip.app; sourceTree = BUILT_PRODUCTS_DIR; };
		FC232A8AD856547EAAAB5C36 /* Info.plist */ = {isa = PBXFileReference; lastKnownFileType = text.plist; path = Info.plist; sourceTree = "<group>"; };
		FD1F647FE032CBB1F685EE0B /* SpriteKit.framework */ = {isa = PBXFileReference; lastKnownFileType = wrapper.framework; name = SpriteKit.framework; path = System/Library/Frameworks/SpriteKit.framework; sourceTree = SDKROOT; };
/* End PBXFileReference section */

/* Begin PBXFrameworksBuildPhase section */
		FC7852CC83D4920A169F1329 /* Frameworks */ = {
			isa = PBXFrameworksBuildPhase;
			buildActionMask = 2147483647;
			files = (
				40A044E91423B67CAB6C13C5 /* SpriteKit.framework in Frameworks */,
				D5366AEA2FF3BADFA8A30BE0 /* GameKit.framework in Frameworks */,
				B7E886C15C6757923CC20EC3 /* StoreKit.framework in Frameworks */,
				FF72080E184058D193D28CDC /* AppTrackingTransparency.framework in Frameworks */,
				7A0CFF9A02619BAFD3AF303D /* GoogleMobileAds in Frameworks */,
			);
			runOnlyForDeploymentPostprocessing = 0;
		};
/* End PBXFrameworksBuildPhase section */

/* Begin PBXGroup section */
		132041FA0F5C992C15A4F0FC /* Products */ = {
			isa = PBXGroup;
			children = (
				F653ED4E13CB1697A9DC4B2F /* GravityFlip.app */,
				97807D05391B885F4DC537A0 /* GravityFlipTests.xctest */,
			);
			name = Products;
			sourceTree = "<group>";
		};
		17D3257EB90873DC71988C43 /* GravityFlip */ = {
			isa = PBXGroup;
			children = (
				1D9AC22C3006395F00B0676A /* GravityFlip.entitlements */,
				CC99887766554433AABBCCDD /* Assets.xcassets */,
				0DDD4D13D1F5D99E9258C5DF /* AdConfig.swift */,
				6FDC8BF902A40F9240E1BFEC /* AdManager.swift */,
				E41591D2A286159478081B71 /* BannerAdView.swift */,
				C0C9BC0A56FFAEA7761D6A1E /* ContentView.swift */,
				BA5245DB526C09DE90BC0A25 /* FrequencyCap.swift */,
				7D9C8B658FF84201E1654309 /* GameCenterManager.swift */,
				EC35D6520CA4B09BE25AD611 /* GameModel.swift */,
				D0A7427CA8459FB9C9797441 /* GameScene.swift */,
				E64AAC89BAB8DDD1F633A47A /* GravityFlipApp.swift */,
				FC232A8AD856547EAAAB5C36 /* Info.plist */,
				536D089D3A8870BCCDE97B9A /* PrivacyInfo.xcprivacy */,
				A87FA6E92C6A4EEFEE880113 /* SettingsManager.swift */,
				DC037EEE469917B7638FF9E8 /* SoundManager.swift */,
				A0EED81A96D66CEDB59DFA3F /* StoreManager.swift */,
				45A5F2FA5A1F2CB8D1036C6B /* Tuning.swift */,
			);
			path = GravityFlip;
			sourceTree = "<group>";
		};
		27AC2F20F9F3A47E65EB5D8C /* Frameworks */ = {
			isa = PBXGroup;
			children = (
				EECBF4367FD3A1CE1F7902C4 /* AppTrackingTransparency.framework */,
				75A6EEAA1A896FC5A540F2E9 /* GameKit.framework */,
				FD1F647FE032CBB1F685EE0B /* SpriteKit.framework */,
				5562D0FC5E553A5AF560680F /* StoreKit.framework */,
			);
			name = Frameworks;
			sourceTree = "<group>";
		};
		B70713A257B002A1EA51C46F = {
			isa = PBXGroup;
			children = (
				17D3257EB90873DC71988C43 /* GravityFlip */,
				D3F03A0000225B2FEF1D8AF2 /* GravityFlipTests */,
				27AC2F20F9F3A47E65EB5D8C /* Frameworks */,
				132041FA0F5C992C15A4F0FC /* Products */,
			);
			sourceTree = "<group>";
		};
		D3F03A0000225B2FEF1D8AF2 /* GravityFlipTests */ = {
			isa = PBXGroup;
			children = (
				127F8EB47489AF14C9396848 /* FrequencyCapTests.swift */,
			);
			path = GravityFlipTests;
			sourceTree = "<group>";
		};
/* End PBXGroup section */

/* Begin PBXNativeTarget section */
		2F9468795ECD34822FF66205 /* GravityFlipTests */ = {
			isa = PBXNativeTarget;
			buildConfigurationList = 7C2B46D7B49856A4E589CDA5 /* Build configuration list for PBXNativeTarget "GravityFlipTests" */;
			buildPhases = (
				7A2584961CFC3D2D30E45C0A /* Sources */,
			);
			buildRules = (
			);
			dependencies = (
				CF3F562ED602649FACF00C13 /* PBXTargetDependency */,
			);
			name = GravityFlipTests;
			packageProductDependencies = (
			);
			productName = GravityFlipTests;
			productReference = 97807D05391B885F4DC537A0 /* GravityFlipTests.xctest */;
			productType = "com.apple.product-type.bundle.unit-test";
		};
		7BDF715CB198C04998880EAE /* GravityFlip */ = {
			isa = PBXNativeTarget;
			buildConfigurationList = 3108DDB18AC93C64698CF74D /* Build configuration list for PBXNativeTarget "GravityFlip" */;
			buildPhases = (
				9F87EB874A249E3FC49A3956 /* Sources */,
				26FD9F3DABB9722E27BC4924 /* Resources */,
				FC7852CC83D4920A169F1329 /* Frameworks */,
			);
			buildRules = (
			);
			dependencies = (
			);
			name = GravityFlip;
			packageProductDependencies = (
				7E21C07188F5C3A78129D46D /* GoogleMobileAds */,
			);
			productName = GravityFlip;
			productReference = F653ED4E13CB1697A9DC4B2F /* GravityFlip.app */;
			productType = "com.apple.product-type.application";
		};
/* End PBXNativeTarget section */

/* Begin PBXProject section */
		D93F878CE772F0EC282A5F7E /* Project object */ = {
			isa = PBXProject;
			attributes = {
				BuildIndependentTargetsInParallel = YES;
				LastUpgradeCheck = 1500;
			};
			buildConfigurationList = 8287727B204C9B36B61A46F6 /* Build configuration list for PBXProject "GravityFlip" */;
			developmentRegion = en;
			hasScannedForEncodings = 0;
			knownRegions = (
				Base,
				en,
			);
			mainGroup = B70713A257B002A1EA51C46F;
			minimizedProjectReferenceProxies = 1;
			packageReferences = (
				237A92B58DA6855A7056A0D2 /* XCRemoteSwiftPackageReference "swift-package-manager-google-mobile-ads" */,
			);
			preferredProjectObjectVersion = 77;
			productRefGroup = 132041FA0F5C992C15A4F0FC /* Products */;
			projectDirPath = "";
			projectRoot = "";
			targets = (
				7BDF715CB198C04998880EAE /* GravityFlip */,
				2F9468795ECD34822FF66205 /* GravityFlipTests */,
			);
		};
/* End PBXProject section */

/* Begin PBXResourcesBuildPhase section */
		26FD9F3DABB9722E27BC4924 /* Resources */ = {
			isa = PBXResourcesBuildPhase;
			buildActionMask = 2147483647;
			files = (
				845D33C53FB4782EB08F656D /* PrivacyInfo.xcprivacy in Resources */,
				CC11223344556677AABBCCDD /* Assets.xcassets in Resources */,
			);
			runOnlyForDeploymentPostprocessing = 0;
		};
/* End PBXResourcesBuildPhase section */

/* Begin PBXSourcesBuildPhase section */
		7A2584961CFC3D2D30E45C0A /* Sources */ = {
			isa = PBXSourcesBuildPhase;
			buildActionMask = 2147483647;
			files = (
				880857BFDBCD6DD9DE22FB12 /* FrequencyCapTests.swift in Sources */,
			);
			runOnlyForDeploymentPostprocessing = 0;
		};
		9F87EB874A249E3FC49A3956 /* Sources */ = {
			isa = PBXSourcesBuildPhase;
			buildActionMask = 2147483647;
			files = (
				39C5AFBA25AC420B77063EC2 /* AdConfig.swift in Sources */,
				102990179F0C5413FCD7C6E9 /* AdManager.swift in Sources */,
				9F9BA8F8CE01D54F420A226F /* BannerAdView.swift in Sources */,
				7BBBFCDDA429EEC91EF0E5B1 /* ContentView.swift in Sources */,
				9E2DCC4DC7D3BC0381E2DBB6 /* FrequencyCap.swift in Sources */,
				4D868728E7F29E7408645215 /* GameCenterManager.swift in Sources */,
				7631106A97B790B5A08CE649 /* GameModel.swift in Sources */,
				2B386D63EAE1AFADD674DCCD /* GameScene.swift in Sources */,
				F72350187249301C96A92ED0 /* GravityFlipApp.swift in Sources */,
				7AD24D255ADC8BF94DCF7A2F /* SettingsManager.swift in Sources */,
				86623E8749700759BAE9688F /* SoundManager.swift in Sources */,
				8EEE7E7713CA0EE1E3FF861F /* StoreManager.swift in Sources */,
				CDFD05823E834C2082496F0B /* Tuning.swift in Sources */,
			);
			runOnlyForDeploymentPostprocessing = 0;
		};
/* End PBXSourcesBuildPhase section */

/* Begin PBXTargetDependency section */
		CF3F562ED602649FACF00C13 /* PBXTargetDependency */ = {
			isa = PBXTargetDependency;
			target = 7BDF715CB198C04998880EAE /* GravityFlip */;
			targetProxy = F50FE3B9D1699EBABBD70EA8 /* PBXContainerItemProxy */;
		};
/* End PBXTargetDependency section */

/* Begin XCBuildConfiguration section */
		3D5A608F21651ABE64B4AB9A /* Release */ = {
			isa = XCBuildConfiguration;
			buildSettings = {
				ALWAYS_SEARCH_USER_PATHS = NO;
				CLANG_ANALYZER_NONNULL = YES;
				CLANG_ANALYZER_NUMBER_OBJECT_CONVERSION = YES_AGGRESSIVE;
				CLANG_CXX_LANGUAGE_STANDARD = "gnu++14";
				CLANG_CXX_LIBRARY = "libc++";
				CLANG_ENABLE_MODULES = YES;
				CLANG_ENABLE_OBJC_ARC = YES;
				CLANG_ENABLE_OBJC_WEAK = YES;
				CLANG_WARN_BLOCK_CAPTURE_AUTORELEASING = YES;
				CLANG_WARN_BOOL_CONVERSION = YES;
				CLANG_WARN_COMMA = YES;
				CLANG_WARN_CONSTANT_CONVERSION = YES;
				CLANG_WARN_DEPRECATED_OBJC_IMPLEMENTATIONS = YES;
				CLANG_WARN_DIRECT_OBJC_ISA_USAGE = YES_ERROR;
				CLANG_WARN_DOCUMENTATION_COMMENTS = YES;
				CLANG_WARN_EMPTY_BODY = YES;
				CLANG_WARN_ENUM_CONVERSION = YES;
				CLANG_WARN_INFINITE_RECURSION = YES;
				CLANG_WARN_INT_CONVERSION = YES;
				CLANG_WARN_NON_LITERAL_NULL_CONVERSION = YES;
				CLANG_WARN_OBJC_IMPLICIT_RETAIN_SELF = YES;
				CLANG_WARN_OBJC_LITERAL_CONVERSION = YES;
				CLANG_WARN_OBJC_ROOT_CLASS = YES_ERROR;
				CLANG_WARN_QUOTED_INCLUDE_IN_FRAMEWORK_HEADER = YES;
				CLANG_WARN_RANGE_LOOP_ANALYSIS = YES;
				CLANG_WARN_STRICT_PROTOTYPES = YES;
				CLANG_WARN_SUSPICIOUS_MOVE = YES;
				CLANG_WARN_UNGUARDED_AVAILABILITY = YES_AGGRESSIVE;
				CLANG_WARN_UNREACHABLE_CODE = YES;
				CLANG_WARN__DUPLICATE_METHOD_MATCH = YES;
				COPY_PHASE_STRIP = NO;
				DEBUG_INFORMATION_FORMAT = "dwarf-with-dsym";
				ENABLE_NS_ASSERTIONS = NO;
				ENABLE_STRICT_OBJC_MSGSEND = YES;
				GCC_C_LANGUAGE_STANDARD = gnu11;
				GCC_NO_COMMON_BLOCKS = YES;
				GCC_WARN_64_TO_32_BIT_CONVERSION = YES;
				GCC_WARN_ABOUT_RETURN_TYPE = YES_ERROR;
				GCC_WARN_UNDECLARED_SELECTOR = YES;
				GCC_WARN_UNINITIALIZED_AUTOS = YES_AGGRESSIVE;
				GCC_WARN_UNUSED_FUNCTION = YES;
				GCC_WARN_UNUSED_VARIABLE = YES;
				IPHONEOS_DEPLOYMENT_TARGET = 16.0;
				MTL_ENABLE_DEBUG_INFO = NO;
				MTL_FAST_MATH = YES;
				PRODUCT_NAME = "$(TARGET_NAME)";
				SDKROOT = iphoneos;
				SWIFT_COMPILATION_MODE = wholemodule;
				SWIFT_OPTIMIZATION_LEVEL = "-O";
				SWIFT_VERSION = 5.0;
			};
			name = Release;
		};
		6BB677F3663ECFDF6CD7B439 /* Release */ = {
			isa = XCBuildConfiguration;
			buildSettings = {
				ASSETCATALOG_COMPILER_APPICON_NAME = AppIcon;
				CODE_SIGN_ENTITLEMENTS = GravityFlip/GravityFlip.entitlements;
				CODE_SIGN_IDENTITY = "iPhone Developer";
				DEVELOPMENT_TEAM = A93FGV7L5Y;
				ENABLE_PREVIEWS = YES;
				INFOPLIST_FILE = GravityFlip/Info.plist;
				IPHONEOS_DEPLOYMENT_TARGET = 16.0;
				LD_RUNPATH_SEARCH_PATHS = (
					"$(inherited)",
					"@executable_path/Frameworks",
				);
				PRODUCT_BUNDLE_IDENTIFIER = com.hermeneanu.gravityflip;
				SDKROOT = iphoneos;
				SUPPORTED_PLATFORMS = "iphoneos iphonesimulator";
				SUPPORTS_MACCATALYST = NO;
				SWIFT_VERSION = 5.9;
				TARGETED_DEVICE_FAMILY = 1;
			};
			name = Release;
		};
		6E3DACBEFCF3F3DB4D9B3E97 /* Debug */ = {
			isa = XCBuildConfiguration;
			buildSettings = {
				BUNDLE_LOADER = "$(TEST_HOST)";
				GENERATE_INFOPLIST_FILE = YES;
				IPHONEOS_DEPLOYMENT_TARGET = 16.0;
				LD_RUNPATH_SEARCH_PATHS = (
					"$(inherited)",
					"@executable_path/Frameworks",
					"@loader_path/Frameworks",
				);
				PRODUCT_BUNDLE_IDENTIFIER = com.gravityflip.tests;
				SDKROOT = iphoneos;
				SUPPORTED_PLATFORMS = "iphoneos iphonesimulator";
				SWIFT_VERSION = 5.9;
				TARGETED_DEVICE_FAMILY = 1;
				TEST_HOST = "$(BUILT_PRODUCTS_DIR)/GravityFlip.app/GravityFlip";
			};
			name = Debug;
		};
		9FD6AD3518E869FEC5480DB9 /* Debug */ = {
			isa = XCBuildConfiguration;
			buildSettings = {
				ASSETCATALOG_COMPILER_APPICON_NAME = AppIcon;
				CODE_SIGN_ENTITLEMENTS = GravityFlip/GravityFlip.entitlements;
				CODE_SIGN_IDENTITY = "iPhone Developer";
				DEVELOPMENT_TEAM = A93FGV7L5Y;
				ENABLE_PREVIEWS = YES;
				INFOPLIST_FILE = GravityFlip/Info.plist;
				IPHONEOS_DEPLOYMENT_TARGET = 16.0;
				LD_RUNPATH_SEARCH_PATHS = (
					"$(inherited)",
					"@executable_path/Frameworks",
				);
				PRODUCT_BUNDLE_IDENTIFIER = com.hermeneanu.gravityflip;
				SDKROOT = iphoneos;
				SUPPORTED_PLATFORMS = "iphoneos iphonesimulator";
				SUPPORTS_MACCATALYST = NO;
				SWIFT_VERSION = 5.9;
				TARGETED_DEVICE_FAMILY = 1;
			};
			name = Debug;
		};
		F34055AFA4B3A393E5B8AD22 /* Release */ = {
			isa = XCBuildConfiguration;
			buildSettings = {
				BUNDLE_LOADER = "$(TEST_HOST)";
				GENERATE_INFOPLIST_FILE = YES;
				IPHONEOS_DEPLOYMENT_TARGET = 16.0;
				LD_RUNPATH_SEARCH_PATHS = (
					"$(inherited)",
					"@executable_path/Frameworks",
					"@loader_path/Frameworks",
				);
				PRODUCT_BUNDLE_IDENTIFIER = com.gravityflip.tests;
				SDKROOT = iphoneos;
				SUPPORTED_PLATFORMS = "iphoneos iphonesimulator";
				SWIFT_VERSION = 5.9;
				TARGETED_DEVICE_FAMILY = 1;
				TEST_HOST = "$(BUILT_PRODUCTS_DIR)/GravityFlip.app/GravityFlip";
			};
			name = Release;
		};
		F4EB9A7C1F5108EEE150AA1E /* Debug */ = {
			isa = XCBuildConfiguration;
			buildSettings = {
				ALWAYS_SEARCH_USER_PATHS = NO;
				CLANG_ANALYZER_NONNULL = YES;
				CLANG_ANALYZER_NUMBER_OBJECT_CONVERSION = YES_AGGRESSIVE;
				CLANG_CXX_LANGUAGE_STANDARD = "gnu++14";
				CLANG_CXX_LIBRARY = "libc++";
				CLANG_ENABLE_MODULES = YES;
				CLANG_ENABLE_OBJC_ARC = YES;
				CLANG_ENABLE_OBJC_WEAK = YES;
				CLANG_WARN_BLOCK_CAPTURE_AUTORELEASING = YES;
				CLANG_WARN_BOOL_CONVERSION = YES;
				CLANG_WARN_COMMA = YES;
				CLANG_WARN_CONSTANT_CONVERSION = YES;
				CLANG_WARN_DEPRECATED_OBJC_IMPLEMENTATIONS = YES;
				CLANG_WARN_DIRECT_OBJC_ISA_USAGE = YES_ERROR;
				CLANG_WARN_DOCUMENTATION_COMMENTS = YES;
				CLANG_WARN_EMPTY_BODY = YES;
				CLANG_WARN_ENUM_CONVERSION = YES;
				CLANG_WARN_INFINITE_RECURSION = YES;
				CLANG_WARN_INT_CONVERSION = YES;
				CLANG_WARN_NON_LITERAL_NULL_CONVERSION = YES;
				CLANG_WARN_OBJC_IMPLICIT_RETAIN_SELF = YES;
				CLANG_WARN_OBJC_LITERAL_CONVERSION = YES;
				CLANG_WARN_OBJC_ROOT_CLASS = YES_ERROR;
				CLANG_WARN_QUOTED_INCLUDE_IN_FRAMEWORK_HEADER = YES;
				CLANG_WARN_RANGE_LOOP_ANALYSIS = YES;
				CLANG_WARN_STRICT_PROTOTYPES = YES;
				CLANG_WARN_SUSPICIOUS_MOVE = YES;
				CLANG_WARN_UNGUARDED_AVAILABILITY = YES_AGGRESSIVE;
				CLANG_WARN_UNREACHABLE_CODE = YES;
				CLANG_WARN__DUPLICATE_METHOD_MATCH = YES;
				COPY_PHASE_STRIP = NO;
				DEBUG_INFORMATION_FORMAT = dwarf;
				ENABLE_STRICT_OBJC_MSGSEND = YES;
				ENABLE_TESTABILITY = YES;
				GCC_C_LANGUAGE_STANDARD = gnu11;
				GCC_DYNAMIC_NO_PIC = NO;
				GCC_NO_COMMON_BLOCKS = YES;
				GCC_OPTIMIZATION_LEVEL = 0;
				GCC_PREPROCESSOR_DEFINITIONS = (
					"$(inherited)",
					"DEBUG=1",
				);
				GCC_WARN_64_TO_32_BIT_CONVERSION = YES;
				GCC_WARN_ABOUT_RETURN_TYPE = YES_ERROR;
				GCC_WARN_UNDECLARED_SELECTOR = YES;
				GCC_WARN_UNINITIALIZED_AUTOS = YES_AGGRESSIVE;
				GCC_WARN_UNUSED_FUNCTION = YES;
				GCC_WARN_UNUSED_VARIABLE = YES;
				IPHONEOS_DEPLOYMENT_TARGET = 16.0;
				MTL_ENABLE_DEBUG_INFO = INCLUDE_SOURCE;
				MTL_FAST_MATH = YES;
				ONLY_ACTIVE_ARCH = YES;
				PRODUCT_NAME = "$(TARGET_NAME)";
				SDKROOT = iphoneos;
				SWIFT_ACTIVE_COMPILATION_CONDITIONS = DEBUG;
				SWIFT_OPTIMIZATION_LEVEL = "-Onone";
				SWIFT_VERSION = 5.0;
			};
			name = Debug;
		};
/* End XCBuildConfiguration section */

/* Begin XCConfigurationList section */
		3108DDB18AC93C64698CF74D /* Build configuration list for PBXNativeTarget "GravityFlip" */ = {
			isa = XCConfigurationList;
			buildConfigurations = (
				9FD6AD3518E869FEC5480DB9 /* Debug */,
				6BB677F3663ECFDF6CD7B439 /* Release */,
			);
			defaultConfigurationIsVisible = 0;
			defaultConfigurationName = Debug;
		};
		7C2B46D7B49856A4E589CDA5 /* Build configuration list for PBXNativeTarget "GravityFlipTests" */ = {
			isa = XCConfigurationList;
			buildConfigurations = (
				6E3DACBEFCF3F3DB4D9B3E97 /* Debug */,
				F34055AFA4B3A393E5B8AD22 /* Release */,
			);
			defaultConfigurationIsVisible = 0;
			defaultConfigurationName = Debug;
		};
		8287727B204C9B36B61A46F6 /* Build configuration list for PBXProject "GravityFlip" */ = {
			isa = XCConfigurationList;
			buildConfigurations = (
				F4EB9A7C1F5108EEE150AA1E /* Debug */,
				3D5A608F21651ABE64B4AB9A /* Release */,
			);
			defaultConfigurationIsVisible = 0;
			defaultConfigurationName = Debug;
		};
/* End XCConfigurationList section */

/* Begin XCRemoteSwiftPackageReference section */
		237A92B58DA6855A7056A0D2 /* XCRemoteSwiftPackageReference "swift-package-manager-google-mobile-ads" */ = {
			isa = XCRemoteSwiftPackageReference;
			repositoryURL = "https://github.com/googleads/swift-package-manager-google-mobile-ads";
			requirement = {
				kind = upToNextMajorVersion;
				minimumVersion = 12.0.0;
			};
		};
/* End XCRemoteSwiftPackageReference section */

/* Begin XCSwiftPackageProductDependency section */
		7E21C07188F5C3A78129D46D /* GoogleMobileAds */ = {
			isa = XCSwiftPackageProductDependency;
			package = 237A92B58DA6855A7056A0D2 /* XCRemoteSwiftPackageReference "swift-package-manager-google-mobile-ads" */;
			productName = GoogleMobileAds;
		};
/* End XCSwiftPackageProductDependency section */
	};
	rootObject = D93F878CE772F0EC282A5F7E /* Project object */;
}
